
Microsoft Visual Studio Solution File, Format Version 12.00
# Visual Studio Version 17
VisualStudioVersion = 17.1.32328.378
MinimumVisualStudioVersion = 10.0.40219.1
Project("{FAE04EC0-301F-11D3-BF4B-00C04F79EFBC}") = "MD3", "MD3\MD3.csproj", "{15FEA10A-2D54-469C-8A8D-77F36627597C}"
EndProject
Global
	GlobalSection(SolutionConfigurationPlatforms) = preSolution
		Debug|Any CPU = Debug|Any CPU
		Release|Any CPU = Release|Any CPU
	EndGlobalSection
	GlobalSection(ProjectConfigurationPlatforms) = postSolution
		{15FEA10A-2D54-469C-8A8D-77F36627597C}.Debug|Any CPU.ActiveCfg = Debug|Any CPU
		{15FEA10A-2D54-469C-8A8D-77F36627597C}.Debug|Any CPU.Build.0 = Debug|Any CPU
		{15FEA10A-2D54-469C-8A8D-77F36627597C}.Release|Any CPU.ActiveCfg = Release|Any CPU
		{15FEA10A-2D54-469C-8A8D-77F36627597C}.Release|Any CPU.Build.0 = Release|Any CPU
	EndGlobalSection
	GlobalSection(SolutionProperties) = preSolution
		HideSolutionNode = FALSE
	EndGlobalSection
	GlobalSection(ExtensibilityGlobals) = postSolution
		SolutionGuid = {54E497CC-1429-4A49-A73C-36CC2D1A8551}
	EndGlobalSection
EndGlobal
